
Microsoft Visual Studio Solution File, Format Version 12.00
# Visual Studio Version 17
VisualStudioVersion = 17.10.34928.147
MinimumVisualStudioVersion = 10.0.40219.1
Project("{9A19103F-16F7-4668-BE54-9A1E7A4F7556}") = "LibraryWebAPI", "LibraryWebAPI\LibraryWebAPI.csproj", "{EF18D633-762C-4238-83E4-5CD801EEDD9A}"
EndProject
Project("{9A19103F-16F7-4668-BE54-9A1E7A4F7556}") = "LibraryDataAcces", "LibraryDataAcces\LibraryDataAcces.csproj", "{4E327916-0A57-4831-9D57-BBF13D795071}"
EndProject
Project("{9A19103F-16F7-4668-BE54-9A1E7A4F7556}") = "Library.Tests", "Library.Tests\Library.Tests.csproj", "{4A557E63-0D0D-4BC8-B292-33F15848E47B}"
EndProject
Project("{FAE04EC0-301F-11D3-BF4B-00C04F79EFBC}") = "Library.Core", "Library.Core\Library.Core.csproj", "{D7B28EBD-A705-46E4-8333-D4E55325E659}"
EndProject
Global
	GlobalSection(SolutionConfigurationPlatforms) = preSolution
		Debug|Any CPU = Debug|Any CPU
		Release|Any CPU = Release|Any CPU
	EndGlobalSection
	GlobalSection(ProjectConfigurationPlatforms) = postSolution
		{EF18D633-762C-4238-83E4-5CD801EEDD9A}.Debug|Any CPU.ActiveCfg = Debug|Any CPU
		{EF18D633-762C-4238-83E4-5CD801EEDD9A}.Debug|Any CPU.Build.0 = Debug|Any CPU
		{EF18D633-762C-4238-83E4-5CD801EEDD9A}.Release|Any CPU.ActiveCfg = Release|Any CPU
		{EF18D633-762C-4238-83E4-5CD801EEDD9A}.Release|Any CPU.Build.0 = Release|Any CPU
		{4E327916-0A57-4831-9D57-BBF13D795071}.Debug|Any CPU.ActiveCfg = Debug|Any CPU
		{4E327916-0A57-4831-9D57-BBF13D795071}.Debug|Any CPU.Build.0 = Debug|Any CPU
		{4E327916-0A57-4831-9D57-BBF13D795071}.Release|Any CPU.ActiveCfg = Release|Any CPU
		{4E327916-0A57-4831-9D57-BBF13D795071}.Release|Any CPU.Build.0 = Release|Any CPU
		{4A557E63-0D0D-4BC8-B292-33F15848E47B}.Debug|Any CPU.ActiveCfg = Debug|Any CPU
		{4A557E63-0D0D-4BC8-B292-33F15848E47B}.Debug|Any CPU.Build.0 = Debug|Any CPU
		{4A557E63-0D0D-4BC8-B292-33F15848E47B}.Release|Any CPU.ActiveCfg = Release|Any CPU
		{4A557E63-0D0D-4BC8-B292-33F15848E47B}.Release|Any CPU.Build.0 = Release|Any CPU
		{D7B28EBD-A705-46E4-8333-D4E55325E659}.Debug|Any CPU.ActiveCfg = Debug|Any CPU
		{D7B28EBD-A705-46E4-8333-D4E55325E659}.Debug|Any CPU.Build.0 = Debug|Any CPU
		{D7B28EBD-A705-46E4-8333-D4E55325E659}.Release|Any CPU.ActiveCfg = Release|Any CPU
		{D7B28EBD-A705-46E4-8333-D4E55325E659}.Release|Any CPU.Build.0 = Release|Any CPU
	EndGlobalSection
	GlobalSection(SolutionProperties) = preSolution
		HideSolutionNode = FALSE
	EndGlobalSection
	GlobalSection(ExtensibilityGlobals) = postSolution
		SolutionGuid = {7F476622-2E85-4DD5-8E12-CFE4BC99EC8F}
	EndGlobalSection
EndGlobal
